// !$*UTF8*$!
{
	archiveVersion = 1;
	classes = {
	};
	objectVersion = 50;
	objects = {

/* Begin PBXBuildFile section */
		4FDBDFCA21234FA3006B10FE /* AppDelegate.swift in Sources */ = {isa = PBXBuildFile; fileRef = 4FDBDFC921234FA3006B10FE /* AppDelegate.swift */; };
		4FDBDFCC21234FA3006B10FE /* art.scnassets in Resources */ = {isa = PBXBuildFile; fileRef = 4FDBDFCB21234FA3006B10FE /* art.scnassets */; };
		4FDBDFCE21234FA3006B10FE /* ViewController.swift in Sources */ = {isa = PBXBuildFile; fileRef = 4FDBDFCD21234FA3006B10FE /* ViewController.swift */; };
		4FDBDFD121234FA3006B10FE /* Main.storyboard in Resources */ = {isa = PBXBuildFile; fileRef = 4FDBDFCF21234FA3006B10FE /* Main.storyboard */; };
		4FDBDFD321234FA4006B10FE /* Assets.xcassets in Resources */ = {isa = PBXBuildFile; fileRef = 4FDBDFD221234FA4006B10FE /* Assets.xcassets */; };
		4FDBDFD621234FA4006B10FE /* LaunchScreen.storyboard in Resources */ = {isa = PBXBuildFile; fileRef = 4FDBDFD421234FA4006B10FE /* LaunchScreen.storyboard */; };
/* End PBXBuildFile section */

/* Begin PBXFileReference section */
		4FDBDFC621234FA3006B10FE /* ARDiceGame.app */ = {isa = PBXFileReference; explicitFileType = wrapper.application; includeInIndex = 0; path = ARDiceGame.app; sourceTree = BUILT_PRODUCTS_DIR; };
		4FDBDFC921234FA3006B10FE /* AppDelegate.swift */ = {isa = PBXFileReference; lastKnownFileType = sourcecode.swift; path = AppDelegate.swift; sourceTree = "<group>"; };
		4FDBDFCB21234FA3006B10FE /* art.scnassets */ = {isa = PBXFileReference; lastKnownFileType = wrapper.scnassets; path = art.scnassets; sourceTree = "<group>"; };
		4FDBDFCD21234FA3006B10FE /* ViewController.swift */ = {isa = PBXFileReference; lastKnownFileType = sourcecode.swift; path = ViewController.swift; sourceTree = "<group>"; };
		4FDBDFD021234FA3006B10FE /* Base */ = {isa = PBXFileReference; lastKnownFileType = file.storyboard; name = Base; path = Base.lproj/Main.storyboard; sourceTree = "<group>"; };
		4FDBDFD221234FA4006B10FE /* Assets.xcassets */ = {isa = PBXFileReference; lastKnownFileType = folder.assetcatalog; path = Assets.xcassets; sourceTree = "<group>"; };
		4FDBDFD521234FA4006B10FE /* Base */ = {isa = PBXFileReference; lastKnownFileType = file.storyboard; name = Base; path = Base.lproj/LaunchScreen.storyboard; sourceTree = "<group>"; };
		4FDBDFD721234FA4006B10FE /* Info.plist */ = {isa = PBXFileReference; lastKnownFileType = text.plist.xml; path = Info.plist; sourceTree = "<group>"; };
/* End PBXFileReference section */

/* Begin PBXFrameworksBuildPhase section */
		4FDBDFC321234FA3006B10FE /* Frameworks */ = {
			isa = PBXFrameworksBuildPhase;
			buildActionMask = 2147483647;
			files = (
			);
			runOnlyForDeploymentPostprocessing = 0;
		};
/* End PBXFrameworksBuildPhase section */

/* Begin PBXGroup section */
		4FDBDFBD21234FA3006B10FE = {
			isa = PBXGroup;
			children = (
				4FDBDFC821234FA3006B10FE /* ARDiceGame */,
				4FDBDFC721234FA3006B10FE /* Products */,
			);
			sourceTree = "<group>";
		};
		4FDBDFC721234FA3006B10FE /* Products */ = {
			isa = PBXGroup;
			children = (
				4FDBDFC621234FA3006B10FE /* ARDiceGame.app */,
			);
			name = Products;
			sourceTree = "<group>";
		};
		4FDBDFC821234FA3006B10FE /* ARDiceGame */ = {
			isa = PBXGroup;
			children = (
				4FDBDFC921234FA3006B10FE /* AppDelegate.swift */,
				4FDBDFCD21234FA3006B10FE /* ViewController.swift */,
				4FDBDFCF21234FA3006B10FE /* Main.storyboard */,
				4FDBDFCB21234FA3006B10FE /* art.scnassets */,
				4FDBDFD221234FA4006B10FE /* Assets.xcassets */,
				4FDBDFD421234FA4006B10FE /* LaunchScreen.storyboard */,
				4FDBDFD721234FA4006B10FE /* Info.plist */,
			);
			path = ARDiceGame;
			sourceTree = "<group>";
		};
/* End PBXGroup section */

/* Begin PBXNativeTarget section */
		4FDBDFC521234FA3006B10FE /* ARDiceGame */ = {
			isa = PBXNativeTarget;
			buildConfigurationList = 4FDBDFDA21234FA4006B10FE /* Build configuration list for PBXNativeTarget "ARDiceGame" */;
			buildPhases = (
				4FDBDFC221234FA3006B10FE /* Sources */,
				4FDBDFC321234FA3006B10FE /* Frameworks */,
				4FDBDFC421234FA3006B10FE /* Resources */,
			);
			buildRules = (
			);
			dependencies = (
			);
			name = ARDiceGame;
			productName = ARDiceGame;
			productReference = 4FDBDFC621234FA3006B10FE /* ARDiceGame.app */;
			productType = "com.apple.product-type.application";
		};
/* End PBXNativeTarget section */

/* Begin PBXProject section */
		4FDBDFBE21234FA3006B10FE /* Project object */ = {
			isa = PBXProject;
			attributes = {
				LastSwiftUpdateCheck = 0940;
				LastUpgradeCheck = 0940;
				ORGANIZATIONNAME = "Elliott Griffin";
				TargetAttributes = {
					4FDBDFC521234FA3006B10FE = {
						CreatedOnToolsVersion = 9.4.1;
					};
				};
			};
			buildConfigurationList = 4FDBDFC121234FA3006B10FE /* Build configuration list for PBXProject "ARDiceGame" */;
			compatibilityVersion = "Xcode 9.3";
			developmentRegion = en;
			hasScannedForEncodings = 0;
			knownRegions = (
				en,
				Base,
			);
			mainGroup = 4FDBDFBD21234FA3006B10FE;
			productRefGroup = 4FDBDFC721234FA3006B10FE /* Products */;
			projectDirPath = "";
			projectRoot = "";
			targets = (
				4FDBDFC521234FA3006B10FE /* ARDiceGame */,
			);
		};
/* End PBXProject section */

/* Begin PBXResourcesBuildPhase section */
		4FDBDFC421234FA3006B10FE /* Resources */ = {
			isa = PBXResourcesBuildPhase;
			buildActionMask = 2147483647;
			files = (
				4FDBDFCC21234FA3006B10FE /* art.scnassets in Resources */,
				4FDBDFD621234FA4006B10FE /* LaunchScreen.storyboard in Resources */,
				4FDBDFD321234FA4006B10FE /* Assets.xcassets in Resources */,
				4FDBDFD121234FA3006B10FE /* Main.storyboard in Resources */,
			);
			runOnlyForDeploymentPostprocessing = 0;
		};
/* End PBXResourcesBuildPhase section */

/* Begin PBXSourcesBuildPhase section */
		4FDBDFC221234FA3006B10FE /* Sources */ = {
			isa = PBXSourcesBuildPhase;
			buildActionMask = 2147483647;
			files = (
				4FDBDFCE21234FA3006B10FE /* ViewController.swift in Sources */,
				4FDBDFCA21234FA3006B10FE /* AppDelegate.swift in Sources */,
			);
			runOnlyForDeploymentPostprocessing = 0;
		};
/* End PBXSourcesBuildPhase section */

/* Begin PBXVariantGroup section */
		4FDBDFCF21234FA3006B10FE /* Main.storyboard */ = {
			isa = PBXVariantGroup;
			children = (
				4FDBDFD021234FA3006B10FE /* Base */,
			);
			name = Main.storyboard;
			sourceTree = "<group>";
		};
		4FDBDFD421234FA4006B10FE /* LaunchScreen.storyboard */ = {
			isa = PBXVariantGroup;
			children = (
				4FDBDFD521234FA4006B10FE /* Base */,
			);
			name = LaunchScreen.storyboard;
			sourceTree = "<group>";
		};
/* End PBXVariantGroup section */

/* Begin XCBuildConfiguration section */
		4FDBDFD821234FA4006B10FE /* Debug */ = {
			isa = XCBuildConfiguration;
			buildSettings = {
				ALWAYS_SEARCH_USER_PATHS = NO;
				CLANG_ANALYZER_NONNULL = YES;
				CLANG_ANALYZER_NUMBER_OBJECT_CONVERSION = YES_AGGRESSIVE;
				CLANG_CXX_LANGUAGE_STANDARD = "gnu++14";
				CLANG_CXX_LIBRARY = "libc++";
				CLANG_ENABLE_MODULES = YES;
				CLANG_ENABLE_OBJC_ARC = YES;
				CLANG_ENABLE_OBJC_WEAK = YES;
				CLANG_WARN_BLOCK_CAPTURE_AUTORELEASING = YES;
				CLANG_WARN_BOOL_CONVERSION = YES;
				CLANG_WARN_COMMA = YES;
				CLANG_WARN_CONSTANT_CONVERSION = YES;
				CLANG_WARN_DEPRECATED_OBJC_IMPLEMENTATIONS = YES;
				CLANG_WARN_DIRECT_OBJC_ISA_USAGE = YES_ERROR;
				CLANG_WARN_DOCUMENTATION_COMMENTS = YES;
				CLANG_WARN_EMPTY_BODY = YES;
				CLANG_WARN_ENUM_CONVERSION = YES;
				CLANG_WARN_INFINITE_RECURSION = YES;
				CLANG_WARN_INT_CONVERSION = YES;
				CLANG_WARN_NON_LITERAL_NULL_CONVERSION = YES;
				CLANG_WARN_OBJC_IMPLICIT_RETAIN_SELF = YES;
				CLANG_WARN_OBJC_LITERAL_CONVERSION = YES;
				CLANG_WARN_OBJC_ROOT_CLASS = YES_ERROR;
				CLANG_WARN_RANGE_LOOP_ANALYSIS = YES;
				CLANG_WARN_STRICT_PROTOTYPES = YES;
				CLANG_WARN_SUSPICIOUS_MOVE = YES;
				CLANG_WARN_UNGUARDED_AVAILABILITY = YES_AGGRESSIVE;
				CLANG_WARN_UNREACHABLE_CODE = YES;
				CLANG_WARN__DUPLICATE_METHOD_MATCH = YES;
				CODE_SIGN_IDENTITY = "iPhone Developer";
				COPY_PHASE_STRIP = NO;
				DEBUG_INFORMATION_FORMAT = dwarf;
				ENABLE_STRICT_OBJC_MSGSEND = YES;
				ENABLE_TESTABILITY = YES;
				GCC_C_LANGUAGE_STANDARD = gnu11;
				GCC_DYNAMIC_NO_PIC = NO;
				GCC_NO_COMMON_BLOCKS = YES;
				GCC_OPTIMIZATION_LEVEL = 0;
				GCC_PREPROCESSOR_DEFINITIONS = (
					"DEBUG=1",
					"$(inherited)",
				);
				GCC_WARN_64_TO_32_BIT_CONVERSION = YES;
				GCC_WARN_ABOUT_RETURN_TYPE = YES_ERROR;
				GCC_WARN_UNDECLARED_SELECTOR = YES;
				GCC_WARN_UNINITIALIZED_AUTOS = YES_AGGRESSIVE;
				GCC_WARN_UNUSED_FUNCTION = YES;
				GCC_WARN_UNUSED_VARIABLE = YES;
				IPHONEOS_DEPLOYMENT_TARGET = 11.4;
				MTL_ENABLE_DEBUG_INFO = YES;
				ONLY_ACTIVE_ARCH = YES;
				SDKROOT = iphoneos;
				SWIFT_ACTIVE_COMPILATION_CONDITIONS = DEBUG;
				SWIFT_OPTIMIZATION_LEVEL = "-Onone";
			};
			name = Debug;
		};
		4FDBDFD921234FA4006B10FE /* Release */ = {
			isa = XCBuildConfiguration;
			buildSettings = {
				ALWAYS_SEARCH_USER_PATHS = NO;
				CLANG_ANALYZER_NONNULL = YES;
				CLANG_ANALYZER_NUMBER_OBJECT_CONVERSION = YES_AGGRESSIVE;
				CLANG_CXX_LANGUAGE_STANDARD = "gnu++14";
				CLANG_CXX_LIBRARY = "libc++";
				CLANG_ENABLE_MODULES = YES;
				CLANG_ENABLE_OBJC_ARC = YES;
				CLANG_ENABLE_OBJC_WEAK = YES;
				CLANG_WARN_BLOCK_CAPTURE_AUTORELEASING = YES;
				CLANG_WARN_BOOL_CONVERSION = YES;
				CLANG_WARN_COMMA = YES;
				CLANG_WARN_CONSTANT_CONVERSION = YES;
				CLANG_WARN_DEPRECATED_OBJC_IMPLEMENTATIONS = YES;
				CLANG_WARN_DIRECT_OBJC_ISA_USAGE = YES_ERROR;
				CLANG_WARN_DOCUMENTATION_COMMENTS = YES;
				CLANG_WARN_EMPTY_BODY = YES;
				CLANG_WARN_ENUM_CONVERSION = YES;
				CLANG_WARN_INFINITE_RECURSION = YES;
				CLANG_WARN_INT_CONVERSION = YES;
				CLANG_WARN_NON_LITERAL_NULL_CONVERSION = YES;
				CLANG_WARN_OBJC_IMPLICIT_RETAIN_SELF = YES;
				CLANG_WARN_OBJC_LITERAL_CONVERSION = YES;
				CLANG_WARN_OBJC_ROOT_CLASS = YES_ERROR;
				CLANG_WARN_RANGE_LOOP_ANALYSIS = YES;
				CLANG_WARN_STRICT_PROTOTYPES = YES;
				CLANG_WARN_SUSPICIOUS_MOVE = YES;
				CLANG_WARN_UNGUARDED_AVAILABILITY = YES_AGGRESSIVE;
				CLANG_WARN_UNREACHABLE_CODE = YES;
				CLANG_WARN__DUPLICATE_METHOD_MATCH = YES;
				CODE_SIGN_IDENTITY = "iPhone Developer";
				COPY_PHASE_STRIP = NO;
				DEBUG_INFORMATION_FORMAT = "dwarf-with-dsym";
				ENABLE_NS_ASSERTIONS = NO;
				ENABLE_STRICT_OBJC_MSGSEND = YES;
				GCC_C_LANGUAGE_STANDARD = gnu11;
				GCC_NO_COMMON_BLOCKS = YES;
				GCC_WARN_64_TO_32_BIT_CONVERSION = YES;
				GCC_WARN_ABOUT_RETURN_TYPE = YES_ERROR;
				GCC_WARN_UNDECLARED_SELECTOR = YES;
				GCC_WARN_UNINITIALIZED_AUTOS = YES_AGGRESSIVE;
				GCC_WARN_UNUSED_FUNCTION = YES;
				GCC_WARN_UNUSED_VARIABLE = YES;
				IPHONEOS_DEPLOYMENT_TARGET = 11.4;
				MTL_ENABLE_DEBUG_INFO = NO;
				SDKROOT = iphoneos;
				SWIFT_COMPILATION_MODE = wholemodule;
				SWIFT_OPTIMIZATION_LEVEL = "-O";
				VALIDATE_PRODUCT = YES;
			};
			name = Release;
		};
		4FDBDFDB21234FA4006B10FE /* Debug */ = {
			isa = XCBuildConfiguration;
			buildSettings = {
				ASSETCATALOG_COMPILER_APPICON_NAME = AppIcon;
				CODE_SIGN_STYLE = Automatic;
				DEVELOPMENT_TEAM = MR77GZV3WJ;
				INFOPLIST_FILE = ARDiceGame/Info.plist;
				LD_RUNPATH_SEARCH_PATHS = (
					"$(inherited)",
					"@executable_path/Frameworks",
				);
				PRODUCT_BUNDLE_IDENTIFIER = com.ecgriffin.ARDiceGame;
				PRODUCT_NAME = "$(TARGET_NAME)";
				SWIFT_VERSION = 4.0;
				TARGETED_DEVICE_FAMILY = "1,2";
			};
			name = Debug;
		};
		4FDBDFDC21234FA4006B10FE /* Release */ = {
			isa = XCBuildConfiguration;
			buildSettings = {
				ASSETCATALOG_COMPILER_APPICON_NAME = AppIcon;
				CODE_SIGN_STYLE = Automatic;
				DEVELOPMENT_TEAM = MR77GZV3WJ;
				INFOPLIST_FILE = ARDiceGame/Info.plist;
				LD_RUNPATH_SEARCH_PATHS = (
					"$(inherited)",
					"@executable_path/Frameworks",
				);
				PRODUCT_BUNDLE_IDENTIFIER = com.ecgriffin.ARDiceGame;
				PRODUCT_NAME = "$(TARGET_NAME)";
				SWIFT_VERSION = 4.0;
				TARGETED_DEVICE_FAMILY = "1,2";
			};
			name = Release;
		};
/* End XCBuildConfiguration section */

/* Begin XCConfigurationList section */
		4FDBDFC121234FA3006B10FE /* Build configuration list for PBXProject "ARDiceGame" */ = {
			isa = XCConfigurationList;
			buildConfigurations = (
				4FDBDFD821234FA4006B10FE /* Debug */,
				4FDBDFD921234FA4006B10FE /* Release */,
			);
			defaultConfigurationIsVisible = 0;
			defaultConfigurationName = Release;
		};
		4FDBDFDA21234FA4006B10FE /* Build configuration list for PBXNativeTarget "ARDiceGame" */ = {
			isa = XCConfigurationList;
			buildConfigurations = (
				4FDBDFDB21234FA4006B10FE /* Debug */,
				4FDBDFDC21234FA4006B10FE /* Release */,
			);
			defaultConfigurationIsVisible = 0;
			defaultConfigurationName = Release;
		};
/* End XCConfigurationList section */
	};
	rootObject = 4FDBDFBE21234FA3006B10FE /* Project object */;
}
